PODS:
  - Nimble (3.0.0)
  - Pitchy (0.1.0)
  - Quick (0.8.0)

DEPENDENCIES:
  - Nimble
  - Pitchy (from `https://github.com/vadymmarkov/Pitchy`)
  - Quick

EXTERNAL SOURCES:
  Pitchy:
    :git: https://github.com/vadymmarkov/Pitchy

CHECKOUT OPTIONS:
  Pitchy:
    :commit: d88e2a8084c2aa59db6ee0fc17eb1cc100f2584d
    :git: https://github.com/vadymmarkov/Pitchy

SPEC CHECKSUMS:
  Nimble: 4c353d43735b38b545cbb4cb91504588eb5de926
  Pitchy: a41a236f8bf01ac97f6790d1267c154ca4e86688
  Quick: 563d0f6ec5f72e394645adb377708639b7dd38ab

COCOAPODS: 0.39.0
