// !$*UTF8*$!
{
	archiveVersion = 1;
	classes = {
	};
	objectVersion = 46;
	objects = {

/* Begin PBXBuildFile section */
		D50800FF1C0E70F600168040 /* Array+Extensions.swift in Sources */ = {isa = PBXBuildFile; fileRef = D50800FE1C0E70F600168040 /* Array+Extensions.swift */; };
		D55F5BAD1C066FF800B36AE5 /* Estimator.swift in Sources */ = {isa = PBXBuildFile; fileRef = D55F5B9E1C066FF800B36AE5 /* Estimator.swift */; };
		D55F5BC01C0675D900B36AE5 /* QuadradicEstimator.swift in Sources */ = {isa = PBXBuildFile; fileRef = D55F5BB91C0675D900B36AE5 /* QuadradicEstimator.swift */; };
		D55F5BC11C0675D900B36AE5 /* QuinnsSecondEstimator.swift in Sources */ = {isa = PBXBuildFile; fileRef = D55F5BBA1C0675D900B36AE5 /* QuinnsSecondEstimator.swift */; };
		D55F5BC21C0675D900B36AE5 /* HPSEstimator.swift in Sources */ = {isa = PBXBuildFile; fileRef = D55F5BBB1C0675D900B36AE5 /* HPSEstimator.swift */; };
		D55F5BC31C0675D900B36AE5 /* JainsEstimator.swift in Sources */ = {isa = PBXBuildFile; fileRef = D55F5BBC1C0675D900B36AE5 /* JainsEstimator.swift */; };
		D55F5BC41C0675D900B36AE5 /* QuinnsFirstEstimator.swift in Sources */ = {isa = PBXBuildFile; fileRef = D55F5BBD1C0675D900B36AE5 /* QuinnsFirstEstimator.swift */; };
		D55F5BC51C0675D900B36AE5 /* BarycentricEstimator.swift in Sources */ = {isa = PBXBuildFile; fileRef = D55F5BBE1C0675D900B36AE5 /* BarycentricEstimator.swift */; };
		D55F5BC61C0675D900B36AE5 /* MaxValueEstimator.swift in Sources */ = {isa = PBXBuildFile; fileRef = D55F5BBF1C0675D900B36AE5 /* MaxValueEstimator.swift */; };
		D55F5BD51C06793400B36AE5 /* SignalTracker.swift in Sources */ = {isa = PBXBuildFile; fileRef = D55F5BD11C06793400B36AE5 /* SignalTracker.swift */; };
		D55F5BD61C06793400B36AE5 /* InputSignalTracker.swift in Sources */ = {isa = PBXBuildFile; fileRef = D55F5BD31C06793400B36AE5 /* InputSignalTracker.swift */; };
		D55F5BD71C06793400B36AE5 /* OutputSignalTracker.swift in Sources */ = {isa = PBXBuildFile; fileRef = D55F5BD41C06793400B36AE5 /* OutputSignalTracker.swift */; };
		D5B7CBB21C1E0CF7002DDCCE /* Buffer.swift in Sources */ = {isa = PBXBuildFile; fileRef = D5B7CBB11C1E0CF7002DDCCE /* Buffer.swift */; };
		D5B7CBB41C1E0DCF002DDCCE /* LocationEstimator.swift in Sources */ = {isa = PBXBuildFile; fileRef = D5B7CBB31C1E0DCF002DDCCE /* LocationEstimator.swift */; };
		D5B7CBB61C1E0E73002DDCCE /* EstimationError.swift in Sources */ = {isa = PBXBuildFile; fileRef = D5B7CBB51C1E0E73002DDCCE /* EstimationError.swift */; };
		D5BE32F21BE815FB00945677 /* PitchEngine.swift in Sources */ = {isa = PBXBuildFile; fileRef = D5BE32F11BE815FB00945677 /* PitchEngine.swift */; };
		D5C175131C0FC80300E1BE4E /* Config.swift in Sources */ = {isa = PBXBuildFile; fileRef = D5C175121C0FC80300E1BE4E /* Config.swift */; };
		D5C175151C0FC8BE00E1BE4E /* EstimationStrategy.swift in Sources */ = {isa = PBXBuildFile; fileRef = D5C175141C0FC8BE00E1BE4E /* EstimationStrategy.swift */; };
		D5C175201C0FC9F500E1BE4E /* FFTTransformer.swift in Sources */ = {isa = PBXBuildFile; fileRef = D5C1751B1C0FC9F500E1BE4E /* FFTTransformer.swift */; };
		D5C175211C0FC9F500E1BE4E /* SimpleTransformer.swift in Sources */ = {isa = PBXBuildFile; fileRef = D5C1751C1C0FC9F500E1BE4E /* SimpleTransformer.swift */; };
		D5C175221C0FC9F500E1BE4E /* Transformer.swift in Sources */ = {isa = PBXBuildFile; fileRef = D5C1751D1C0FC9F500E1BE4E /* Transformer.swift */; };
		D5C175231C0FC9F500E1BE4E /* TransformStrategy.swift in Sources */ = {isa = PBXBuildFile; fileRef = D5C1751E1C0FC9F500E1BE4E /* TransformStrategy.swift */; };
		D5C175271C0FCA6E00E1BE4E /* EstimationFactory.swift in Sources */ = {isa = PBXBuildFile; fileRef = D5C175261C0FCA6E00E1BE4E /* EstimationFactory.swift */; };
		D5C175291C0FD15900E1BE4E /* TransformFactory.swift in Sources */ = {isa = PBXBuildFile; fileRef = D5C175281C0FD15900E1BE4E /* TransformFactory.swift */; };
		ED55ACED4108BAAD20C2F684 /* Pods.framework in Frameworks */ = {isa = PBXBuildFile; fileRef = 7BBA2578CC3D0D752EAD4195 /* Pods.framework */; };
/* End PBXBuildFile section */

/* Begin PBXFileReference section */
		146D72AC1AB782920058798C /* Tests.xctest */ = {isa = PBXFileReference; explicitFileType = wrapper.cfbundle; includeInIndex = 0; path = Tests.xctest; sourceTree = BUILT_PRODUCTS_DIR; };
		146D72B11AB782920058798C /* Info.plist */ = {isa = PBXFileReference; lastKnownFileType = text.plist.xml; path = Info.plist; sourceTree = "<group>"; };
		14C136511AB784B200B7B07A /* .travis.yml */ = {isa = PBXFileReference; fileEncoding = 4; lastKnownFileType = text; name = .travis.yml; path = ../.travis.yml; sourceTree = "<group>"; };
		14C136521AB784B200B7B07A /* CONTRIBUTING.md */ = {isa = PBXFileReference; fileEncoding = 4; lastKnownFileType = net.daringfireball.markdown; name = CONTRIBUTING.md; path = ../CONTRIBUTING.md; sourceTree = "<group>"; };
		14C136541AB784B200B7B07A /* LICENSE.md */ = {isa = PBXFileReference; fileEncoding = 4; lastKnownFileType = net.daringfireball.markdown; name = LICENSE.md; path = ../LICENSE.md; sourceTree = "<group>"; };
		14C136551AB784B200B7B07A /* README.md */ = {isa = PBXFileReference; fileEncoding = 4; lastKnownFileType = net.daringfireball.markdown; name = README.md; path = ../README.md; sourceTree = "<group>"; };
		716897C2D5B5626C8648DBB1 /* Pods.debug.xcconfig */ = {isa = PBXFileReference; includeInIndex = 1; lastKnownFileType = text.xcconfig; name = Pods.debug.xcconfig; path = "Pods/Target Support Files/Pods/Pods.debug.xcconfig"; sourceTree = "<group>"; };
		7BBA2578CC3D0D752EAD4195 /* Pods.framework */ = {isa = PBXFileReference; explicitFileType = wrapper.framework; includeInIndex = 0; path = Pods.framework; sourceTree = BUILT_PRODUCTS_DIR; };
		D50800FE1C0E70F600168040 /* Array+Extensions.swift */ = {isa = PBXFileReference; fileEncoding = 4; lastKnownFileType = sourcecode.swift; path = "Array+Extensions.swift"; sourceTree = "<group>"; };
		D55F5B9E1C066FF800B36AE5 /* Estimator.swift */ = {isa = PBXFileReference; fileEncoding = 4; lastKnownFileType = sourcecode.swift; path = Estimator.swift; sourceTree = "<group>"; };
		D55F5BB91C0675D900B36AE5 /* QuadradicEstimator.swift */ = {isa = PBXFileReference; fileEncoding = 4; lastKnownFileType = sourcecode.swift; path = QuadradicEstimator.swift; sourceTree = "<group>"; };
		D55F5BBA1C0675D900B36AE5 /* QuinnsSecondEstimator.swift */ = {isa = PBXFileReference; fileEncoding = 4; lastKnownFileType = sourcecode.swift; path = QuinnsSecondEstimator.swift; sourceTree = "<group>"; };
		D55F5BBB1C0675D900B36AE5 /* HPSEstimator.swift */ = {isa = PBXFileReference; fileEncoding = 4; lastKnownFileType = sourcecode.swift; path = HPSEstimator.swift; sourceTree = "<group>"; };
		D55F5BBC1C0675D900B36AE5 /* JainsEstimator.swift */ = {isa = PBXFileReference; fileEncoding = 4; lastKnownFileType = sourcecode.swift; path = JainsEstimator.swift; sourceTree = "<group>"; };
		D55F5BBD1C0675D900B36AE5 /* QuinnsFirstEstimator.swift */ = {isa = PBXFileReference; fileEncoding = 4; lastKnownFileType = sourcecode.swift; path = QuinnsFirstEstimator.swift; sourceTree = "<group>"; };
		D55F5BBE1C0675D900B36AE5 /* BarycentricEstimator.swift */ = {isa = PBXFileReference; fileEncoding = 4; lastKnownFileType = sourcecode.swift; path = BarycentricEstimator.swift; sourceTree = "<group>"; };
		D55F5BBF1C0675D900B36AE5 /* MaxValueEstimator.swift */ = {isa = PBXFileReference; fileEncoding = 4; lastKnownFileType = sourcecode.swift; path = MaxValueEstimator.swift; sourceTree = "<group>"; };
		D55F5BD11C06793400B36AE5 /* SignalTracker.swift */ = {isa = PBXFileReference; fileEncoding = 4; lastKnownFileType = sourcecode.swift; path = SignalTracker.swift; sourceTree = "<group>"; };
		D55F5BD31C06793400B36AE5 /* InputSignalTracker.swift */ = {isa = PBXFileReference; fileEncoding = 4; lastKnownFileType = sourcecode.swift; path = InputSignalTracker.swift; sourceTree = "<group>"; };
		D55F5BD41C06793400B36AE5 /* OutputSignalTracker.swift */ = {isa = PBXFileReference; fileEncoding = 4; lastKnownFileType = sourcecode.swift; path = OutputSignalTracker.swift; sourceTree = "<group>"; };
		D5B7CBB11C1E0CF7002DDCCE /* Buffer.swift */ = {isa = PBXFileReference; fileEncoding = 4; lastKnownFileType = sourcecode.swift; path = Buffer.swift; sourceTree = "<group>"; };
		D5B7CBB31C1E0DCF002DDCCE /* LocationEstimator.swift */ = {isa = PBXFileReference; fileEncoding = 4; lastKnownFileType = sourcecode.swift; path = LocationEstimator.swift; sourceTree = "<group>"; };
		D5B7CBB51C1E0E73002DDCCE /* EstimationError.swift */ = {isa = PBXFileReference; fileEncoding = 4; lastKnownFileType = sourcecode.swift; path = EstimationError.swift; sourceTree = "<group>"; };
		D5BE32F11BE815FB00945677 /* PitchEngine.swift */ = {isa = PBXFileReference; fileEncoding = 4; lastKnownFileType = sourcecode.swift; path = PitchEngine.swift; sourceTree = "<group>"; };
		D5C175121C0FC80300E1BE4E /* Config.swift */ = {isa = PBXFileReference; fileEncoding = 4; lastKnownFileType = sourcecode.swift; path = Config.swift; sourceTree = "<group>"; };
		D5C175141C0FC8BE00E1BE4E /* EstimationStrategy.swift */ = {isa = PBXFileReference; fileEncoding = 4; lastKnownFileType = sourcecode.swift; path = EstimationStrategy.swift; sourceTree = "<group>"; };
		D5C1751B1C0FC9F500E1BE4E /* FFTTransformer.swift */ = {isa = PBXFileReference; fileEncoding = 4; lastKnownFileType = sourcecode.swift; path = FFTTransformer.swift; sourceTree = "<group>"; };
		D5C1751C1C0FC9F500E1BE4E /* SimpleTransformer.swift */ = {isa = PBXFileReference; fileEncoding = 4; lastKnownFileType = sourcecode.swift; path = SimpleTransformer.swift; sourceTree = "<group>"; };
		D5C1751D1C0FC9F500E1BE4E /* Transformer.swift */ = {isa = PBXFileReference; fileEncoding = 4; lastKnownFileType = sourcecode.swift; path = Transformer.swift; sourceTree = "<group>"; };
		D5C1751E1C0FC9F500E1BE4E /* TransformStrategy.swift */ = {isa = PBXFileReference; fileEncoding = 4; lastKnownFileType = sourcecode.swift; path = TransformStrategy.swift; sourceTree = "<group>"; };
		D5C175261C0FCA6E00E1BE4E /* EstimationFactory.swift */ = {isa = PBXFileReference; fileEncoding = 4; lastKnownFileType = sourcecode.swift; path = EstimationFactory.swift; sourceTree = "<group>"; };
		D5C175281C0FD15900E1BE4E /* TransformFactory.swift */ = {isa = PBXFileReference; fileEncoding = 4; lastKnownFileType = sourcecode.swift; path = TransformFactory.swift; sourceTree = "<group>"; };
		FDF848418969FFB5A7D6A669 /* Pods.release.xcconfig */ = {isa = PBXFileReference; includeInIndex = 1; lastKnownFileType = text.xcconfig; name = Pods.release.xcconfig; path = "Pods/Target Support Files/Pods/Pods.release.xcconfig"; sourceTree = "<group>"; };
/* End PBXFileReference section */

/* Begin PBXFrameworksBuildPhase section */
		146D72A91AB782920058798C /* Frameworks */ = {
			isa = PBXFrameworksBuildPhase;
			buildActionMask = 2147483647;
			files = (
				ED55ACED4108BAAD20C2F684 /* Pods.framework in Frameworks */,
			);
			runOnlyForDeploymentPostprocessing = 0;
		};
/* End PBXFrameworksBuildPhase section */

/* Begin PBXGroup section */
		146D728A1AB782920058798C = {
			isa = PBXGroup;
			children = (
				14C1365B1AB784BC00B7B07A /* Source */,
				14C136501AB7849300B7B07A /* Metadata */,
				146D72AF1AB782920058798C /* Tests */,
				146D72941AB782920058798C /* Products */,
				7649234BAD996796266563CF /* Pods */,
				92E1BAB7F59123A52219F625 /* Frameworks */,
			);
			indentWidth = 2;
			sourceTree = "<group>";
			tabWidth = 2;
		};
		146D72941AB782920058798C /* Products */ = {
			isa = PBXGroup;
			children = (
				146D72AC1AB782920058798C /* Tests.xctest */,
			);
			name = Products;
			sourceTree = "<group>";
		};
		146D72AF1AB782920058798C /* Tests */ = {
			isa = PBXGroup;
			children = (
				146D72B01AB782920058798C /* Supporting Files */,
			);
			path = Tests;
			sourceTree = "<group>";
		};
		146D72B01AB782920058798C /* Supporting Files */ = {
			isa = PBXGroup;
			children = (
				146D72B11AB782920058798C /* Info.plist */,
			);
			name = "Supporting Files";
			sourceTree = "<group>";
		};
		14C136501AB7849300B7B07A /* Metadata */ = {
			isa = PBXGroup;
			children = (
				14C136511AB784B200B7B07A /* .travis.yml */,
				14C136521AB784B200B7B07A /* CONTRIBUTING.md */,
				14C136541AB784B200B7B07A /* LICENSE.md */,
				14C136551AB784B200B7B07A /* README.md */,
			);
			name = Metadata;
			sourceTree = "<group>";
		};
		14C1365B1AB784BC00B7B07A /* Source */ = {
			isa = PBXGroup;
			children = (
				D5B7CBB01C1E0CE1002DDCCE /* Data */,
				D50800FD1C0E70E800168040 /* Extensions */,
				D55F5BD01C06793400B36AE5 /* SignalTracking */,
				D55F5B9C1C066FF800B36AE5 /* Estimation */,
				D5C175181C0FC9F500E1BE4E /* Transform */,
				D5C175121C0FC80300E1BE4E /* Config.swift */,
				D5BE32F11BE815FB00945677 /* PitchEngine.swift */,
			);
			name = Source;
			path = ../Source;
			sourceTree = "<group>";
		};
		7649234BAD996796266563CF /* Pods */ = {
			isa = PBXGroup;
			children = (
				716897C2D5B5626C8648DBB1 /* Pods.debug.xcconfig */,
				FDF848418969FFB5A7D6A669 /* Pods.release.xcconfig */,
			);
			name = Pods;
			sourceTree = "<group>";
		};
		92E1BAB7F59123A52219F625 /* Frameworks */ = {
			isa = PBXGroup;
			children = (
				7BBA2578CC3D0D752EAD4195 /* Pods.framework */,
			);
			name = Frameworks;
			sourceTree = "<group>";
		};
		D50800FD1C0E70E800168040 /* Extensions */ = {
			isa = PBXGroup;
			children = (
				D50800FE1C0E70F600168040 /* Array+Extensions.swift */,
			);
			path = Extensions;
			sourceTree = "<group>";
		};
		D55F5B9C1C066FF800B36AE5 /* Estimation */ = {
			isa = PBXGroup;
			children = (
				D55F5BB81C06750200B36AE5 /* Strategies */,
				D55F5B9E1C066FF800B36AE5 /* Estimator.swift */,
				D5B7CBB31C1E0DCF002DDCCE /* LocationEstimator.swift */,
				D5B7CBB51C1E0E73002DDCCE /* EstimationError.swift */,
				D5C175141C0FC8BE00E1BE4E /* EstimationStrategy.swift */,
				D5C175261C0FCA6E00E1BE4E /* EstimationFactory.swift */,
			);
			path = Estimation;
			sourceTree = "<group>";
		};
		D55F5BB81C06750200B36AE5 /* Strategies */ = {
			isa = PBXGroup;
			children = (
				D55F5BBF1C0675D900B36AE5 /* MaxValueEstimator.swift */,
				D55F5BB91C0675D900B36AE5 /* QuadradicEstimator.swift */,
				D55F5BBE1C0675D900B36AE5 /* BarycentricEstimator.swift */,
				D55F5BBD1C0675D900B36AE5 /* QuinnsFirstEstimator.swift */,
				D55F5BBA1C0675D900B36AE5 /* QuinnsSecondEstimator.swift */,
				D55F5BBC1C0675D900B36AE5 /* JainsEstimator.swift */,
				D55F5BBB1C0675D900B36AE5 /* HPSEstimator.swift */,
			);
			path = Strategies;
			sourceTree = "<group>";
		};
		D55F5BD01C06793400B36AE5 /* SignalTracking */ = {
			isa = PBXGroup;
			children = (
				D55F5BD21C06793400B36AE5 /* Units */,
				D55F5BD11C06793400B36AE5 /* SignalTracker.swift */,
			);
			path = SignalTracking;
			sourceTree = "<group>";
		};
		D55F5BD21C06793400B36AE5 /* Units */ = {
			isa = PBXGroup;
			children = (
				D55F5BD31C06793400B36AE5 /* InputSignalTracker.swift */,
				D55F5BD41C06793400B36AE5 /* OutputSignalTracker.swift */,
			);
			path = Units;
			sourceTree = "<group>";
		};
		D5B7CBB01C1E0CE1002DDCCE /* Data */ = {
			isa = PBXGroup;
			children = (
				D5B7CBB11C1E0CF7002DDCCE /* Buffer.swift */,
			);
			path = Data;
			sourceTree = "<group>";
		};
		D5C175181C0FC9F500E1BE4E /* Transform */ = {
			isa = PBXGroup;
			children = (
				D5C1751A1C0FC9F500E1BE4E /* Strategies */,
				D5C1751D1C0FC9F500E1BE4E /* Transformer.swift */,
				D5C1751E1C0FC9F500E1BE4E /* TransformStrategy.swift */,
				D5C175281C0FD15900E1BE4E /* TransformFactory.swift */,
			);
			path = Transform;
			sourceTree = "<group>";
		};
		D5C1751A1C0FC9F500E1BE4E /* Strategies */ = {
			isa = PBXGroup;
			children = (
				D5C1751B1C0FC9F500E1BE4E /* FFTTransformer.swift */,
				D5C1751C1C0FC9F500E1BE4E /* SimpleTransformer.swift */,
			);
			path = Strategies;
			sourceTree = "<group>";
		};
/* End PBXGroup section */

/* Begin PBXNativeTarget section */
		146D72AB1AB782920058798C /* Tests */ = {
			isa = PBXNativeTarget;
			buildConfigurationList = 146D72B91AB782920058798C /* Build configuration list for PBXNativeTarget "Tests" */;
			buildPhases = (
				E463113BCE3E1D98B0F78F70 /* Check Pods Manifest.lock */,
				146D72A81AB782920058798C /* Sources */,
				146D72A91AB782920058798C /* Frameworks */,
				146D72AA1AB782920058798C /* Resources */,
				ED1F367A5318D5FEAC1CEB6C /* Embed Pods Frameworks */,
				5BFF4B1EB33F9A8C837009EB /* Copy Pods Resources */,
			);
			buildRules = (
			);
			dependencies = (
			);
			name = Tests;
			productName = PodTests;
			productReference = 146D72AC1AB782920058798C /* Tests.xctest */;
			productType = "com.apple.product-type.bundle.unit-test";
		};
/* End PBXNativeTarget section */

/* Begin PBXProject section */
		146D728B1AB782920058798C /* Project object */ = {
			isa = PBXProject;
			attributes = {
				LastSwiftUpdateCheck = 0700;
				LastUpgradeCheck = 0700;
				ORGANIZATIONNAME = Example;
				TargetAttributes = {
					146D72AB1AB782920058798C = {
						CreatedOnToolsVersion = 6.2;
					};
				};
			};
			buildConfigurationList = 146D728E1AB782920058798C /* Build configuration list for PBXProject "Tuner" */;
			compatibilityVersion = "Xcode 3.2";
			developmentRegion = English;
			hasScannedForEncodings = 0;
			knownRegions = (
				en,
				Base,
			);
			mainGroup = 146D728A1AB782920058798C;
			productRefGroup = 146D72941AB782920058798C /* Products */;
			projectDirPath = "";
			projectRoot = "";
			targets = (
				146D72AB1AB782920058798C /* Tests */,
			);
		};
/* End PBXProject section */

/* Begin PBXResourcesBuildPhase section */
		146D72AA1AB782920058798C /* Resources */ = {
			isa = PBXResourcesBuildPhase;
			buildActionMask = 2147483647;
			files = (
			);
			runOnlyForDeploymentPostprocessing = 0;
		};
/* End PBXResourcesBuildPhase section */

/* Begin PBXShellScriptBuildPhase section */
		5BFF4B1EB33F9A8C837009EB /* Copy Pods Resources */ = {
			isa = PBXShellScriptBuildPhase;
			buildActionMask = 2147483647;
			files = (
			);
			inputPaths = (
			);
			name = "Copy Pods Resources";
			outputPaths = (
			);
			runOnlyForDeploymentPostprocessing = 0;
			shellPath = /bin/sh;
			shellScript = "\"${SRCROOT}/Pods/Target Support Files/Pods/Pods-resources.sh\"\n";
			showEnvVarsInLog = 0;
		};
		E463113BCE3E1D98B0F78F70 /* Check Pods Manifest.lock */ = {
			isa = PBXShellScriptBuildPhase;
			buildActionMask = 2147483647;
			files = (
			);
			inputPaths = (
			);
			name = "Check Pods Manifest.lock";
			outputPaths = (
			);
			runOnlyForDeploymentPostprocessing = 0;
			shellPath = /bin/sh;
			shellScript = "diff \"${PODS_ROOT}/../Podfile.lock\" \"${PODS_ROOT}/Manifest.lock\" > /dev/null\nif [[ $? != 0 ]] ; then\n    cat << EOM\nerror: The sandbox is not in sync with the Podfile.lock. Run 'pod install' or update your CocoaPods installation.\nEOM\n    exit 1\nfi\n";
			showEnvVarsInLog = 0;
		};
		ED1F367A5318D5FEAC1CEB6C /* Embed Pods Frameworks */ = {
			isa = PBXShellScriptBuildPhase;
			buildActionMask = 2147483647;
			files = (
			);
			inputPaths = (
			);
			name = "Embed Pods Frameworks";
			outputPaths = (
			);
			runOnlyForDeploymentPostprocessing = 0;
			shellPath = /bin/sh;
			shellScript = "\"${SRCROOT}/Pods/Target Support Files/Pods/Pods-frameworks.sh\"\n";
			showEnvVarsInLog = 0;
		};
/* End PBXShellScriptBuildPhase section */

/* Begin PBXSourcesBuildPhase section */
		146D72A81AB782920058798C /* Sources */ = {
			isa = PBXSourcesBuildPhase;
			buildActionMask = 2147483647;
			files = (
				D55F5BC01C0675D900B36AE5 /* QuadradicEstimator.swift in Sources */,
				D55F5BC11C0675D900B36AE5 /* QuinnsSecondEstimator.swift in Sources */,
				D5C175151C0FC8BE00E1BE4E /* EstimationStrategy.swift in Sources */,
				D55F5BAD1C066FF800B36AE5 /* Estimator.swift in Sources */,
				D5BE32F21BE815FB00945677 /* PitchEngine.swift in Sources */,
				D55F5BD51C06793400B36AE5 /* SignalTracker.swift in Sources */,
				D55F5BC51C0675D900B36AE5 /* BarycentricEstimator.swift in Sources */,
				D5B7CBB21C1E0CF7002DDCCE /* Buffer.swift in Sources */,
				D55F5BC31C0675D900B36AE5 /* JainsEstimator.swift in Sources */,
				D5C175271C0FCA6E00E1BE4E /* EstimationFactory.swift in Sources */,
				D5C175201C0FC9F500E1BE4E /* FFTTransformer.swift in Sources */,
				D50800FF1C0E70F600168040 /* Array+Extensions.swift in Sources */,
				D5C175291C0FD15900E1BE4E /* TransformFactory.swift in Sources */,
				D55F5BC41C0675D900B36AE5 /* QuinnsFirstEstimator.swift in Sources */,
				D55F5BD61C06793400B36AE5 /* InputSignalTracker.swift in Sources */,
				D5B7CBB61C1E0E73002DDCCE /* EstimationError.swift in Sources */,
				D5C175231C0FC9F500E1BE4E /* TransformStrategy.swift in Sources */,
				D5B7CBB41C1E0DCF002DDCCE /* LocationEstimator.swift in Sources */,
				D5C175131C0FC80300E1BE4E /* Config.swift in Sources */,
				D55F5BC21C0675D900B36AE5 /* HPSEstimator.swift in Sources */,
				D5C175211C0FC9F500E1BE4E /* SimpleTransformer.swift in Sources */,
				D55F5BC61C0675D900B36AE5 /* MaxValueEstimator.swift in Sources */,
				D55F5BD71C06793400B36AE5 /* OutputSignalTracker.swift in Sources */,
				D5C175221C0FC9F500E1BE4E /* Transformer.swift in Sources */,
			);
			runOnlyForDeploymentPostprocessing = 0;
		};
/* End PBXSourcesBuildPhase section */

/* Begin XCBuildConfiguration section */
		146D72B41AB782920058798C /* Debug */ = {
			isa = XCBuildConfiguration;
			buildSettings = {
				ALWAYS_SEARCH_USER_PATHS = NO;
				CLANG_CXX_LANGUAGE_STANDARD = "gnu++0x";
				CLANG_CXX_LIBRARY = "libc++";
				CLANG_ENABLE_MODULES = YES;
				CLANG_ENABLE_OBJC_ARC = YES;
				CLANG_WARN_BOOL_CONVERSION = YES;
				CLANG_WARN_CONSTANT_CONVERSION = YES;
				CLANG_WARN_DIRECT_OBJC_ISA_USAGE = YES_ERROR;
				CLANG_WARN_EMPTY_BODY = YES;
				CLANG_WARN_ENUM_CONVERSION = YES;
				CLANG_WARN_INT_CONVERSION = YES;
				CLANG_WARN_OBJC_ROOT_CLASS = YES_ERROR;
				CLANG_WARN_UNREACHABLE_CODE = YES;
				CLANG_WARN__DUPLICATE_METHOD_MATCH = YES;
				"CODE_SIGN_IDENTITY[sdk=iphoneos*]" = "iPhone Developer";
				COPY_PHASE_STRIP = NO;
				ENABLE_STRICT_OBJC_MSGSEND = YES;
				ENABLE_TESTABILITY = YES;
				GCC_C_LANGUAGE_STANDARD = gnu99;
				GCC_DYNAMIC_NO_PIC = NO;
				GCC_OPTIMIZATION_LEVEL = 0;
				GCC_PREPROCESSOR_DEFINITIONS = (
					"DEBUG=1",
					"$(inherited)",
				);
				GCC_SYMBOLS_PRIVATE_EXTERN = NO;
				GCC_WARN_64_TO_32_BIT_CONVERSION = YES;
				GCC_WARN_ABOUT_RETURN_TYPE = YES_ERROR;
				GCC_WARN_UNDECLARED_SELECTOR = YES;
				GCC_WARN_UNINITIALIZED_AUTOS = YES_AGGRESSIVE;
				GCC_WARN_UNUSED_FUNCTION = YES;
				GCC_WARN_UNUSED_VARIABLE = YES;
				IPHONEOS_DEPLOYMENT_TARGET = 8.0;
				MTL_ENABLE_DEBUG_INFO = YES;
				ONLY_ACTIVE_ARCH = YES;
				SDKROOT = iphoneos;
			};
			name = Debug;
		};
		146D72B51AB782920058798C /* Release */ = {
			isa = XCBuildConfiguration;
			buildSettings = {
				ALWAYS_SEARCH_USER_PATHS = NO;
				CLANG_CXX_LANGUAGE_STANDARD = "gnu++0x";
				CLANG_CXX_LIBRARY = "libc++";
				CLANG_ENABLE_MODULES = YES;
				CLANG_ENABLE_OBJC_ARC = YES;
				CLANG_WARN_BOOL_CONVERSION = YES;
				CLANG_WARN_CONSTANT_CONVERSION = YES;
				CLANG_WARN_DIRECT_OBJC_ISA_USAGE = YES_ERROR;
				CLANG_WARN_EMPTY_BODY = YES;
				CLANG_WARN_ENUM_CONVERSION = YES;
				CLANG_WARN_INT_CONVERSION = YES;
				CLANG_WARN_OBJC_ROOT_CLASS = YES_ERROR;
				CLANG_WARN_UNREACHABLE_CODE = YES;
				CLANG_WARN__DUPLICATE_METHOD_MATCH = YES;
				"CODE_SIGN_IDENTITY[sdk=iphoneos*]" = "iPhone Developer";
				COPY_PHASE_STRIP = NO;
				ENABLE_NS_ASSERTIONS = NO;
				ENABLE_STRICT_OBJC_MSGSEND = YES;
				GCC_C_LANGUAGE_STANDARD = gnu99;
				GCC_WARN_64_TO_32_BIT_CONVERSION = YES;
				GCC_WARN_ABOUT_RETURN_TYPE = YES_ERROR;
				GCC_WARN_UNDECLARED_SELECTOR = YES;
				GCC_WARN_UNINITIALIZED_AUTOS = YES_AGGRESSIVE;
				GCC_WARN_UNUSED_FUNCTION = YES;
				GCC_WARN_UNUSED_VARIABLE = YES;
				IPHONEOS_DEPLOYMENT_TARGET = 8.0;
				MTL_ENABLE_DEBUG_INFO = NO;
				SDKROOT = iphoneos;
				VALIDATE_PRODUCT = YES;
			};
			name = Release;
		};
		146D72BA1AB782920058798C /* Debug */ = {
			isa = XCBuildConfiguration;
			baseConfigurationReference = 716897C2D5B5626C8648DBB1 /* Pods.debug.xcconfig */;
			buildSettings = {
				CLANG_ENABLE_MODULES = YES;
				FRAMEWORK_SEARCH_PATHS = (
					"$(SDKROOT)/Developer/Library/Frameworks",
					"$(inherited)",
				);
				GCC_PREPROCESSOR_DEFINITIONS = (
					"DEBUG=1",
					"$(inherited)",
				);
				INFOPLIST_FILE = Tests/Info.plist;
				LD_RUNPATH_SEARCH_PATHS = "$(inherited) @executable_path/Frameworks @loader_path/Frameworks";
				PRODUCT_BUNDLE_IDENTIFIER = "com.example.$(PRODUCT_NAME:rfc1034identifier)";
				PRODUCT_NAME = "$(TARGET_NAME)";
				SWIFT_INSTALL_OBJC_HEADER = NO;
				SWIFT_OBJC_BRIDGING_HEADER = "";
				SWIFT_OPTIMIZATION_LEVEL = "-Onone";
			};
			name = Debug;
		};
		146D72BB1AB782920058798C /* Release */ = {
			isa = XCBuildConfiguration;
			baseConfigurationReference = FDF848418969FFB5A7D6A669 /* Pods.release.xcconfig */;
			buildSettings = {
				CLANG_ENABLE_MODULES = YES;
				FRAMEWORK_SEARCH_PATHS = (
					"$(SDKROOT)/Developer/Library/Frameworks",
					"$(inherited)",
				);
				INFOPLIST_FILE = Tests/Info.plist;
				LD_RUNPATH_SEARCH_PATHS = "$(inherited) @executable_path/Frameworks @loader_path/Frameworks";
				PRODUCT_BUNDLE_IDENTIFIER = "com.example.$(PRODUCT_NAME:rfc1034identifier)";
				PRODUCT_NAME = "$(TARGET_NAME)";
				SWIFT_INSTALL_OBJC_HEADER = NO;
				SWIFT_OBJC_BRIDGING_HEADER = "";
			};
			name = Release;
		};
/* End XCBuildConfiguration section */

/* Begin XCConfigurationList section */
		146D728E1AB782920058798C /* Build configuration list for PBXProject "Tuner" */ = {
			isa = XCConfigurationList;
			buildConfigurations = (
				146D72B41AB782920058798C /* Debug */,
				146D72B51AB782920058798C /* Release */,
			);
			defaultConfigurationIsVisible = 0;
			defaultConfigurationName = Release;
		};
		146D72B91AB782920058798C /* Build configuration list for PBXNativeTarget "Tests" */ = {
			isa = XCConfigurationList;
			buildConfigurations = (
				146D72BA1AB782920058798C /* Debug */,
				146D72BB1AB782920058798C /* Release */,
			);
			defaultConfigurationIsVisible = 0;
			defaultConfigurationName = Release;
		};
/* End XCConfigurationList section */
	};
	rootObject = 146D728B1AB782920058798C /* Project object */;
}
