// !$*UTF8*$!
{
	archiveVersion = 1;
	classes = {
	};
	objectVersion = 46;
	objects = {

/* Begin PBXBuildFile section */
		D4EB34FA709AB3861B383F94 /* Pods_GuitarTuner.framework in Frameworks */ = {isa = PBXBuildFile; fileRef = 1D1ABF3C1CEBC69351AFB3AF /* Pods_GuitarTuner.framework */; };
		D51729C71C370D9F0077E8B2 /* AppDelegate.swift in Sources */ = {isa = PBXBuildFile; fileRef = D51729C31C370D9F0077E8B2 /* AppDelegate.swift */; };
		D51729C81C370D9F0077E8B2 /* ViewController.swift in Sources */ = {isa = PBXBuildFile; fileRef = D51729C41C370D9F0077E8B2 /* ViewController.swift */; };
		D51729C91C370D9F0077E8B2 /* Assets.xcassets in Resources */ = {isa = PBXBuildFile; fileRef = D51729C61C370D9F0077E8B2 /* Assets.xcassets */; };
		D52829B91C370BEE00682061 /* LaunchScreen.storyboard in Resources */ = {isa = PBXBuildFile; fileRef = D52829B31C370BEE00682061 /* LaunchScreen.storyboard */; };
/* End PBXBuildFile section */

/* Begin PBXFileReference section */
		00C49D4F07D54BCD11781B94 /* Pods-GuitarTuner.release.xcconfig */ = {isa = PBXFileReference; includeInIndex = 1; lastKnownFileType = text.xcconfig; name = "Pods-GuitarTuner.release.xcconfig"; path = "Pods/Target Support Files/Pods-GuitarTuner/Pods-GuitarTuner.release.xcconfig"; sourceTree = "<group>"; };
		04C4BE8A74712506927C1A5A /* Pods.framework */ = {isa = PBXFileReference; explicitFileType = wrapper.framework; includeInIndex = 0; path = Pods.framework; sourceTree = BUILT_PRODUCTS_DIR; };
		1B8EABAEB6DB7CDA44CCC1AD /* Pods-GuitarTuner.debug.xcconfig */ = {isa = PBXFileReference; includeInIndex = 1; lastKnownFileType = text.xcconfig; name = "Pods-GuitarTuner.debug.xcconfig"; path = "Pods/Target Support Files/Pods-GuitarTuner/Pods-GuitarTuner.debug.xcconfig"; sourceTree = "<group>"; };
		1D1ABF3C1CEBC69351AFB3AF /* Pods_GuitarTuner.framework */ = {isa = PBXFileReference; explicitFileType = wrapper.framework; includeInIndex = 0; path = Pods_GuitarTuner.framework; sourceTree = BUILT_PRODUCTS_DIR; };
		D51729C31C370D9F0077E8B2 /* AppDelegate.swift */ = {isa = PBXFileReference; fileEncoding = 4; lastKnownFileType = sourcecode.swift; path = AppDelegate.swift; sourceTree = "<group>"; };
		D51729C41C370D9F0077E8B2 /* ViewController.swift */ = {isa = PBXFileReference; fileEncoding = 4; lastKnownFileType = sourcecode.swift; path = ViewController.swift; sourceTree = "<group>"; };
		D51729C61C370D9F0077E8B2 /* Assets.xcassets */ = {isa = PBXFileReference; lastKnownFileType = folder.assetcatalog; path = Assets.xcassets; sourceTree = "<group>"; };
		D52829B41C370BEE00682061 /* Base */ = {isa = PBXFileReference; lastKnownFileType = file.storyboard; name = Base; path = Base.lproj/LaunchScreen.storyboard; sourceTree = "<group>"; };
		D52829B51C370BEE00682061 /* Info.plist */ = {isa = PBXFileReference; fileEncoding = 4; lastKnownFileType = text.plist.xml; path = Info.plist; sourceTree = "<group>"; };
		D57D40FD1BE95A350026B005 /* GuitarTuner.app */ = {isa = PBXFileReference; explicitFileType = wrapper.application; includeInIndex = 0; path = GuitarTuner.app; sourceTree = BUILT_PRODUCTS_DIR; };
/* End PBXFileReference section */

/* Begin PBXFrameworksBuildPhase section */
		D57D40FA1BE95A350026B005 /* Frameworks */ = {
			isa = PBXFrameworksBuildPhase;
			buildActionMask = 2147483647;
			files = (
				D4EB34FA709AB3861B383F94 /* Pods_GuitarTuner.framework in Frameworks */,
			);
			runOnlyForDeploymentPostprocessing = 0;
		};
/* End PBXFrameworksBuildPhase section */

/* Begin PBXGroup section */
		28B4E9F09A7A47F3AF3538A7 /* Pods */ = {
			isa = PBXGroup;
			children = (
				1B8EABAEB6DB7CDA44CCC1AD /* Pods-GuitarTuner.debug.xcconfig */,
				00C49D4F07D54BCD11781B94 /* Pods-GuitarTuner.release.xcconfig */,
			);
			name = Pods;
			sourceTree = "<group>";
		};
		7FCBD55DDFAE042D34748647 /* Frameworks */ = {
			isa = PBXGroup;
			children = (
				04C4BE8A74712506927C1A5A /* Pods.framework */,
				1D1ABF3C1CEBC69351AFB3AF /* Pods_GuitarTuner.framework */,
			);
			name = Frameworks;
			sourceTree = "<group>";
		};
		D51729C11C370D8F0077E8B2 /* Supporting Files */ = {
			isa = PBXGroup;
			children = (
				D52829B31C370BEE00682061 /* LaunchScreen.storyboard */,
				D52829B51C370BEE00682061 /* Info.plist */,
			);
			name = "Supporting Files";
			sourceTree = "<group>";
		};
		D51729C21C370D9F0077E8B2 /* Source */ = {
			isa = PBXGroup;
			children = (
				D51729C31C370D9F0077E8B2 /* AppDelegate.swift */,
				D51729C41C370D9F0077E8B2 /* ViewController.swift */,
			);
			path = Source;
			sourceTree = "<group>";
		};
		D51729C51C370D9F0077E8B2 /* Resources */ = {
			isa = PBXGroup;
			children = (
				D51729C61C370D9F0077E8B2 /* Assets.xcassets */,
			);
			path = Resources;
			sourceTree = "<group>";
		};
		D52829B01C370BEE00682061 /* GuitarTuner */ = {
			isa = PBXGroup;
			children = (
				D51729C21C370D9F0077E8B2 /* Source */,
				D51729C51C370D9F0077E8B2 /* Resources */,
				D51729C11C370D8F0077E8B2 /* Supporting Files */,
			);
			path = GuitarTuner;
			sourceTree = "<group>";
		};
		D57D40F41BE95A350026B005 = {
			isa = PBXGroup;
			children = (
				D52829B01C370BEE00682061 /* GuitarTuner */,
				D57D40FE1BE95A350026B005 /* Products */,
				7FCBD55DDFAE042D34748647 /* Frameworks */,
				28B4E9F09A7A47F3AF3538A7 /* Pods */,
			);
			indentWidth = 2;
			sourceTree = "<group>";
			tabWidth = 2;
		};
		D57D40FE1BE95A350026B005 /* Products */ = {
			isa = PBXGroup;
			children = (
				D57D40FD1BE95A350026B005 /* GuitarTuner.app */,
			);
			name = Products;
			sourceTree = "<group>";
		};
/* End PBXGroup section */

/* Begin PBXNativeTarget section */
		D57D40FC1BE95A350026B005 /* GuitarTuner */ = {
			isa = PBXNativeTarget;
			buildConfigurationList = D57D410F1BE95A350026B005 /* Build configuration list for PBXNativeTarget "GuitarTuner" */;
			buildPhases = (
				0E47FCD898C9F86D6AB5429F /* [CP] Check Pods Manifest.lock */,
				1962EBAD1F8E34314E982594 /* [CP] Check Pods Manifest.lock */,
				D57D40F91BE95A350026B005 /* Sources */,
				D57D40FA1BE95A350026B005 /* Frameworks */,
				D57D40FB1BE95A350026B005 /* Resources */,
				BBF9D165E87DC40FC3115EAE /* 📦 Embed Pods Frameworks */,
				A747E035BB13D8303B3FA356 /* [CP] Embed Pods Frameworks */,
			);
			buildRules = (
			);
			dependencies = (
			);
			name = GuitarTuner;
			productName = Tuner;
			productReference = D57D40FD1BE95A350026B005 /* GuitarTuner.app */;
			productType = "com.apple.product-type.application";
		};
/* End PBXNativeTarget section */

/* Begin PBXProject section */
		D57D40F51BE95A350026B005 /* Project object */ = {
			isa = PBXProject;
			attributes = {
				LastUpgradeCheck = 1250;
				ORGANIZATIONNAME = "Vadym Markov";
				TargetAttributes = {
					D57D40FC1BE95A350026B005 = {
						CreatedOnToolsVersion = 7.0.1;
						DevelopmentTeam = KMUT74CVY5;
						LastSwiftMigration = 0900;
					};
				};
			};
			buildConfigurationList = D57D40F81BE95A350026B005 /* Build configuration list for PBXProject "GuitarTuner" */;
			compatibilityVersion = "Xcode 3.2";
			developmentRegion = English;
			hasScannedForEncodings = 0;
			knownRegions = (
				English,
				en,
				Base,
			);
			mainGroup = D57D40F41BE95A350026B005;
			productRefGroup = D57D40FE1BE95A350026B005 /* Products */;
			projectDirPath = "";
			projectRoot = "";
			targets = (
				D57D40FC1BE95A350026B005 /* GuitarTuner */,
			);
		};
/* End PBXProject section */

/* Begin PBXResourcesBuildPhase section */
		D57D40FB1BE95A350026B005 /* Resources */ = {
			isa = PBXResourcesBuildPhase;
			buildActionMask = 2147483647;
			files = (
				D51729C91C370D9F0077E8B2 /* Assets.xcassets in Resources */,
				D52829B91C370BEE00682061 /* LaunchScreen.storyboard in Resources */,
			);
			runOnlyForDeploymentPostprocessing = 0;
		};
/* End PBXResourcesBuildPhase section */

/* Begin PBXShellScriptBuildPhase section */
		0E47FCD898C9F86D6AB5429F /* [CP] Check Pods Manifest.lock */ = {
			isa = PBXShellScriptBuildPhase;
			buildActionMask = 2147483647;
			files = (
			);
			inputPaths = (
				"${PODS_PODFILE_DIR_PATH}/Podfile.lock",
				"${PODS_ROOT}/Manifest.lock",
			);
			name = "[CP] Check Pods Manifest.lock";
			outputPaths = (
				"$(DERIVED_FILE_DIR)/Pods-GuitarTuner-checkManifestLockResult.txt",
			);
			runOnlyForDeploymentPostprocessing = 0;
			shellPath = /bin/sh;
			shellScript = "diff \"${PODS_PODFILE_DIR_PATH}/Podfile.lock\" \"${PODS_ROOT}/Manifest.lock\" > /dev/null\nif [ $? != 0 ] ; then\n    # print error to STDERR\n    echo \"error: The sandbox is not in sync with the Podfile.lock. Run 'pod install' or update your CocoaPods installation.\" >&2\n    exit 1\nfi\n# This output is used by Xcode 'outputs' to avoid re-running this script phase.\necho \"SUCCESS\" > \"${SCRIPT_OUTPUT_FILE_0}\"\n";
			showEnvVarsInLog = 0;
		};
		1962EBAD1F8E34314E982594 /* [CP] Check Pods Manifest.lock */ = {
			isa = PBXShellScriptBuildPhase;
			buildActionMask = 2147483647;
			files = (
			);
			inputPaths = (
			);
			name = "[CP] Check Pods Manifest.lock";
			outputPaths = (
			);
			runOnlyForDeploymentPostprocessing = 0;
			shellPath = /bin/sh;
			shellScript = "diff \"${PODS_ROOT}/../Podfile.lock\" \"${PODS_ROOT}/Manifest.lock\" > /dev/null\nif [[ $? != 0 ]] ; then\n    cat << EOM\nerror: The sandbox is not in sync with the Podfile.lock. Run 'pod install' or update your CocoaPods installation.\nEOM\n    exit 1\nfi\n";
			showEnvVarsInLog = 0;
		};
		A747E035BB13D8303B3FA356 /* [CP] Embed Pods Frameworks */ = {
			isa = PBXShellScriptBuildPhase;
			buildActionMask = 2147483647;
			files = (
			);
			inputPaths = (
				"${PODS_ROOT}/Target Support Files/Pods-GuitarTuner/Pods-GuitarTuner-frameworks.sh",
				"${BUILT_PRODUCTS_DIR}/Beethoven/Beethoven.framework",
				"${BUILT_PRODUCTS_DIR}/Cartography/Cartography.framework",
				"${BUILT_PRODUCTS_DIR}/Hue/Hue.framework",
				"${BUILT_PRODUCTS_DIR}/Pitchy/Pitchy.framework",
			);
			name = "[CP] Embed Pods Frameworks";
			outputPaths = (
				"${TARGET_BUILD_DIR}/${FRAMEWORKS_FOLDER_PATH}/Beethoven.framework",
				"${TARGET_BUILD_DIR}/${FRAMEWORKS_FOLDER_PATH}/Cartography.framework",
				"${TARGET_BUILD_DIR}/${FRAMEWORKS_FOLDER_PATH}/Hue.framework",
				"${TARGET_BUILD_DIR}/${FRAMEWORKS_FOLDER_PATH}/Pitchy.framework",
			);
			runOnlyForDeploymentPostprocessing = 0;
			shellPath = /bin/sh;
			shellScript = "\"${PODS_ROOT}/Target Support Files/Pods-GuitarTuner/Pods-GuitarTuner-frameworks.sh\"\n";
			showEnvVarsInLog = 0;
		};
		BBF9D165E87DC40FC3115EAE /* 📦 Embed Pods Frameworks */ = {
			isa = PBXShellScriptBuildPhase;
			buildActionMask = 2147483647;
			files = (
			);
			inputPaths = (
			);
			name = "📦 Embed Pods Frameworks";
			outputPaths = (
			);
			runOnlyForDeploymentPostprocessing = 0;
			shellPath = /bin/sh;
			shellScript = "\"${SRCROOT}/Pods/Target Support Files/Pods-GuitarTuner/Pods-GuitarTuner-frameworks.sh\"\n";
			showEnvVarsInLog = 0;
		};
/* End PBXShellScriptBuildPhase section */

/* Begin PBXSourcesBuildPhase section */
		D57D40F91BE95A350026B005 /* Sources */ = {
			isa = PBXSourcesBuildPhase;
			buildActionMask = 2147483647;
			files = (
				D51729C81C370D9F0077E8B2 /* ViewController.swift in Sources */,
				D51729C71C370D9F0077E8B2 /* AppDelegate.swift in Sources */,
			);
			runOnlyForDeploymentPostprocessing = 0;
		};
/* End PBXSourcesBuildPhase section */

/* Begin PBXVariantGroup section */
		D52829B31C370BEE00682061 /* LaunchScreen.storyboard */ = {
			isa = PBXVariantGroup;
			children = (
				D52829B41C370BEE00682061 /* Base */,
			);
			name = LaunchScreen.storyboard;
			sourceTree = "<group>";
		};
/* End PBXVariantGroup section */

/* Begin XCBuildConfiguration section */
		D57D410D1BE95A350026B005 /* Debug */ = {
			isa = XCBuildConfiguration;
			buildSettings = {
				ALWAYS_SEARCH_USER_PATHS = NO;
				CLANG_ANALYZER_LOCALIZABILITY_NONLOCALIZED = YES;
				CLANG_CXX_LANGUAGE_STANDARD = "gnu++0x";
				CLANG_CXX_LIBRARY = "libc++";
				CLANG_ENABLE_MODULES = YES;
				CLANG_ENABLE_OBJC_ARC = YES;
				CLANG_WARN_BLOCK_CAPTURE_AUTORELEASING = YES;
				CLANG_WARN_BOOL_CONVERSION = YES;
				CLANG_WARN_COMMA = YES;
				CLANG_WARN_CONSTANT_CONVERSION = YES;
				CLANG_WARN_DEPRECATED_OBJC_IMPLEMENTATIONS = YES;
				CLANG_WARN_DIRECT_OBJC_ISA_USAGE = YES_ERROR;
				CLANG_WARN_EMPTY_BODY = YES;
				CLANG_WARN_ENUM_CONVERSION = YES;
				CLANG_WARN_INFINITE_RECURSION = YES;
				CLANG_WARN_INT_CONVERSION = YES;
				CLANG_WARN_NON_LITERAL_NULL_CONVERSION = YES;
				CLANG_WARN_OBJC_IMPLICIT_RETAIN_SELF = YES;
				CLANG_WARN_OBJC_LITERAL_CONVERSION = YES;
				CLANG_WARN_OBJC_ROOT_CLASS = YES_ERROR;
				CLANG_WARN_QUOTED_INCLUDE_IN_FRAMEWORK_HEADER = YES;
				CLANG_WARN_RANGE_LOOP_ANALYSIS = YES;
				CLANG_WARN_STRICT_PROTOTYPES = YES;
				CLANG_WARN_SUSPICIOUS_MOVE = YES;
				CLANG_WARN_UNREACHABLE_CODE = YES;
				CLANG_WARN__DUPLICATE_METHOD_MATCH = YES;
				"CODE_SIGN_IDENTITY[sdk=iphoneos*]" = "iPhone Developer";
				COPY_PHASE_STRIP = NO;
				DEBUG_INFORMATION_FORMAT = dwarf;
				ENABLE_STRICT_OBJC_MSGSEND = YES;
				ENABLE_TESTABILITY = YES;
				GCC_C_LANGUAGE_STANDARD = gnu99;
				GCC_DYNAMIC_NO_PIC = NO;
				GCC_NO_COMMON_BLOCKS = YES;
				GCC_OPTIMIZATION_LEVEL = 0;
				GCC_PREPROCESSOR_DEFINITIONS = (
					"DEBUG=1",
					"$(inherited)",
				);
				GCC_WARN_64_TO_32_BIT_CONVERSION = YES;
				GCC_WARN_ABOUT_RETURN_TYPE = YES_ERROR;
				GCC_WARN_UNDECLARED_SELECTOR = YES;
				GCC_WARN_UNINITIALIZED_AUTOS = YES_AGGRESSIVE;
				GCC_WARN_UNUSED_FUNCTION = YES;
				GCC_WARN_UNUSED_VARIABLE = YES;
				IPHONEOS_DEPLOYMENT_TARGET = 12.0;
				MTL_ENABLE_DEBUG_INFO = YES;
				ONLY_ACTIVE_ARCH = YES;
				SDKROOT = iphoneos;
				SWIFT_OPTIMIZATION_LEVEL = "-Onone";
				SWIFT_VERSION = 5.0;
			};
			name = Debug;
		};
		D57D410E1BE95A350026B005 /* Release */ = {
			isa = XCBuildConfiguration;
			buildSettings = {
				ALWAYS_SEARCH_USER_PATHS = NO;
				CLANG_ANALYZER_LOCALIZABILITY_NONLOCALIZED = YES;
				CLANG_CXX_LANGUAGE_STANDARD = "gnu++0x";
				CLANG_CXX_LIBRARY = "libc++";
				CLANG_ENABLE_MODULES = YES;
				CLANG_ENABLE_OBJC_ARC = YES;
				CLANG_WARN_BLOCK_CAPTURE_AUTORELEASING = YES;
				CLANG_WARN_BOOL_CONVERSION = YES;
				CLANG_WARN_COMMA = YES;
				CLANG_WARN_CONSTANT_CONVERSION = YES;
				CLANG_WARN_DEPRECATED_OBJC_IMPLEMENTATIONS = YES;
				CLANG_WARN_DIRECT_OBJC_ISA_USAGE = YES_ERROR;
				CLANG_WARN_EMPTY_BODY = YES;
				CLANG_WARN_ENUM_CONVERSION = YES;
				CLANG_WARN_INFINITE_RECURSION = YES;
				CLANG_WARN_INT_CONVERSION = YES;
				CLANG_WARN_NON_LITERAL_NULL_CONVERSION = YES;
				CLANG_WARN_OBJC_IMPLICIT_RETAIN_SELF = YES;
				CLANG_WARN_OBJC_LITERAL_CONVERSION = YES;
				CLANG_WARN_OBJC_ROOT_CLASS = YES_ERROR;
				CLANG_WARN_QUOTED_INCLUDE_IN_FRAMEWORK_HEADER = YES;
				CLANG_WARN_RANGE_LOOP_ANALYSIS = YES;
				CLANG_WARN_STRICT_PROTOTYPES = YES;
				CLANG_WARN_SUSPICIOUS_MOVE = YES;
				CLANG_WARN_UNREACHABLE_CODE = YES;
				CLANG_WARN__DUPLICATE_METHOD_MATCH = YES;
				"CODE_SIGN_IDENTITY[sdk=iphoneos*]" = "iPhone Developer";
				COPY_PHASE_STRIP = NO;
				DEBUG_INFORMATION_FORMAT = "dwarf-with-dsym";
				ENABLE_NS_ASSERTIONS = NO;
				ENABLE_STRICT_OBJC_MSGSEND = YES;
				GCC_C_LANGUAGE_STANDARD = gnu99;
				GCC_NO_COMMON_BLOCKS = YES;
				GCC_WARN_64_TO_32_BIT_CONVERSION = YES;
				GCC_WARN_ABOUT_RETURN_TYPE = YES_ERROR;
				GCC_WARN_UNDECLARED_SELECTOR = YES;
				GCC_WARN_UNINITIALIZED_AUTOS = YES_AGGRESSIVE;
				GCC_WARN_UNUSED_FUNCTION = YES;
				GCC_WARN_UNUSED_VARIABLE = YES;
				IPHONEOS_DEPLOYMENT_TARGET = 12.0;
				MTL_ENABLE_DEBUG_INFO = NO;
				SDKROOT = iphoneos;
				SWIFT_OPTIMIZATION_LEVEL = "-Owholemodule";
				SWIFT_VERSION = 5.0;
				VALIDATE_PRODUCT = YES;
			};
			name = Release;
		};
		D57D41101BE95A350026B005 /* Debug */ = {
			isa = XCBuildConfiguration;
			baseConfigurationReference = 1B8EABAEB6DB7CDA44CCC1AD /* Pods-GuitarTuner.debug.xcconfig */;
			buildSettings = {
				ALWAYS_EMBED_SWIFT_STANDARD_LIBRARIES = YES;
				ASSETCATALOG_COMPILER_APPICON_NAME = AppIcon;
				DEVELOPMENT_TEAM = KMUT74CVY5;
				INFOPLIST_FILE = "$(SRCROOT)/GuitarTuner/Info.plist";
				LD_RUNPATH_SEARCH_PATHS = "$(inherited) @executable_path/Frameworks";
				PRODUCT_BUNDLE_IDENTIFIER = com.vadymmarkov.GuitarTuner;
				PRODUCT_NAME = GuitarTuner;
				SWIFT_SWIFT3_OBJC_INFERENCE = Default;
				SWIFT_VERSION = 5.0;
			};
			name = Debug;
		};
		D57D41111BE95A350026B005 /* Release */ = {
			isa = XCBuildConfiguration;
			baseConfigurationReference = 00C49D4F07D54BCD11781B94 /* Pods-GuitarTuner.release.xcconfig */;
			buildSettings = {
				ALWAYS_EMBED_SWIFT_STANDARD_LIBRARIES = YES;
				ASSETCATALOG_COMPILER_APPICON_NAME = AppIcon;
				DEVELOPMENT_TEAM = 4C97DN55EV;
				INFOPLIST_FILE = "$(SRCROOT)/GuitarTuner/Info.plist";
				LD_RUNPATH_SEARCH_PATHS = "$(inherited) @executable_path/Frameworks";
				PRODUCT_BUNDLE_IDENTIFIER = com.vadymmarkov.GuitarTuner;
				PRODUCT_NAME = GuitarTuner;
				SWIFT_SWIFT3_OBJC_INFERENCE = Default;
				SWIFT_VERSION = 5.0;
			};
			name = Release;
		};
/* End XCBuildConfiguration section */

/* Begin XCConfigurationList section */
		D57D40F81BE95A350026B005 /* Build configuration list for PBXProject "GuitarTuner" */ = {
			isa = XCConfigurationList;
			buildConfigurations = (
				D57D410D1BE95A350026B005 /* Debug */,
				D57D410E1BE95A350026B005 /* Release */,
			);
			defaultConfigurationIsVisible = 0;
			defaultConfigurationName = Release;
		};
		D57D410F1BE95A350026B005 /* Build configuration list for PBXNativeTarget "GuitarTuner" */ = {
			isa = XCConfigurationList;
			buildConfigurations = (
				D57D41101BE95A350026B005 /* Debug */,
				D57D41111BE95A350026B005 /* Release */,
			);
			defaultConfigurationIsVisible = 0;
			defaultConfigurationName = Release;
		};
/* End XCConfigurationList section */
	};
	rootObject = D57D40F51BE95A350026B005 /* Project object */;
}
