PODS:
  - Hex (3.0.0)
  - Pitchy (0.1.0)
  - Tuner (0.1.0):
    - Pitchy

DEPENDENCIES:
  - Hex
  - Pitchy (from `https://github.com/vadymmarkov/Pitchy`)
  - Tuner (from `../../`)

EXTERNAL SOURCES:
  Pitchy:
    :git: https://github.com/vadymmarkov/Pitchy
  Tuner:
    :path: ../../

CHECKOUT OPTIONS:
  Pitchy:
    :commit: 71939eee129d07374cbe4484601125dded823897
    :git: https://github.com/vadymmarkov/Pitchy

SPEC CHECKSUMS:
  Hex: ee430da9c4412d9196366ae5327f279021dc03eb
  Pitchy: a41a236f8bf01ac97f6790d1267c154ca4e86688
  Tuner: b8339bf332388aeaafeed03283b59679b93d9864

COCOAPODS: 0.39.0
