PODS:
  - Beethoven (5.0.0):
    - Pitchy (~> 3.0)
  - Cartography (3.1.0)
  - Hue (5.0.0)
  - Pitchy (3.0.0)

DEPENDENCIES:
  - Beethoven (from `../../`)
  - Cartography (~> 3.0)
  - Hue (~> 5.0)

SPEC REPOS:
  trunk:
    - Cartography
    - Hue
    - Pitchy

EXTERNAL SOURCES:
  Beethoven:
    :path: "../../"

SPEC CHECKSUMS:
  Beethoven: e318691697c38933a69081d4bf4d2506213505fd
  Cartography: 1988b7578871a56c036e7af17195cb2190edf18c
  Hue: c129cb67be7d093a82bbbc30ce8a96757bf6f37a
  Pitchy: 15407e4425b6d88fa3e7eef8927ba659fab52d7a

PODFILE CHECKSUM: 09339adf6e9f2003f0c75ae60b9eca9f6719d5e8

COCOAPODS: 1.10.1
