PODS:
  - Beethoven (1.0.0):
    - Pitchy
  - Cartography (0.6.0)
  - Hue (0.1.0)
  - Pitchy (1.0.0)

DEPENDENCIES:
  - Beethoven (from `../../`)
  - Cartography
  - Hue (from `https://github.com/hyperoslo/Hue`)

EXTERNAL SOURCES:
  Beethoven:
    :path: "../../"
  Hue:
    :git: https://github.com/hyperoslo/Hue

CHECKOUT OPTIONS:
  Hue:
    :commit: 1fcddfad166e60e5af3d5d3496f3e5dbceaf474c
    :git: https://github.com/hyperoslo/Hue

SPEC CHECKSUMS:
  Beethoven: 33b9add13299ea95e84bce44900055ac3c232fe0
  Cartography: 70af183a248547694a8cfaa6b989cb7e04589985
  Hue: 236ca79bd7426ab735bf0436589b8e505611a3fa
  Pitchy: 4e8302612409d07a27c5083f0bbc2a4bd376f1cc

PODFILE CHECKSUM: 547bb5d70536de8b9654a7d4c659da98f162c231

COCOAPODS: 1.0.0.beta.8
